
Microsoft Visual Studio Solution File, Format Version 12.00
# Visual Studio Version 16
VisualStudioVersion = 16.0.30413.136
MinimumVisualStudioVersion = 10.0.40219.1
Project("{FAE04EC0-301F-11D3-BF4B-00C04F79EFBC}") = "兩院比對EMR", "兩院比對EMR\兩院比對EMR.csproj", "{FF7C9FFC-DEA7-4F82-A087-9F8B591372D5}"
EndProject
Global
	GlobalSection(SolutionConfigurationPlatforms) = preSolution
		Debug|Any CPU = Debug|Any CPU
		Release|Any CPU = Release|Any CPU
	EndGlobalSection
	GlobalSection(ProjectConfigurationPlatforms) = postSolution
		{FF7C9FFC-DEA7-4F82-A087-9F8B591372D5}.Debug|Any CPU.ActiveCfg = Debug|Any CPU
		{FF7C9FFC-DEA7-4F82-A087-9F8B591372D5}.Debug|Any CPU.Build.0 = Debug|Any CPU
		{FF7C9FFC-DEA7-4F82-A087-9F8B591372D5}.Release|Any CPU.ActiveCfg = Release|Any CPU
		{FF7C9FFC-DEA7-4F82-A087-9F8B591372D5}.Release|Any CPU.Build.0 = Release|Any CPU
	EndGlobalSection
	GlobalSection(SolutionProperties) = preSolution
		HideSolutionNode = FALSE
	EndGlobalSection
	GlobalSection(ExtensibilityGlobals) = postSolution
		SolutionGuid = {D77B32DB-B408-4FC3-9C0A-D4418462C25D}
	EndGlobalSection
EndGlobal
